{
  "name": "go-ten",
  "version": "1.0.0",
  "lockfileVersion": 2,
  "requires": true,
  "packages": {
    "": {
      "name": "go-ten",
      "version": "1.0.0",
      "license": "ISC",
      "dependencies": {
        "turbo": "^1.13.3"
      }
    },
    "node_modules/turbo": {
      "version": "1.13.4",
      "resolved": "https://registry.npmjs.org/turbo/-/turbo-1.13.4.tgz",
      "integrity": "sha512-1q7+9UJABuBAHrcC4Sxp5lOqYS5mvxRrwa33wpIyM18hlOCpRD/fTJNxZ0vhbMcJmz15o9kkVm743mPn7p6jpQ==",
      "bin": {
        "turbo": "bin/turbo"
      },
      "optionalDependencies": {
        "turbo-darwin-64": "1.13.4",
        "turbo-darwin-arm64": "1.13.4",
        "turbo-linux-64": "1.13.4",
        "turbo-linux-arm64": "1.13.4",
        "turbo-windows-64": "1.13.4",
        "turbo-windows-arm64": "1.13.4"
      }
    },
    "node_modules/turbo-darwin-arm64": {
      "version": "1.13.4",
      "resolved": "https://registry.npmjs.org/turbo-darwin-arm64/-/turbo-darwin-arm64-1.13.4.tgz",
      "integrity": "sha512-eG769Q0NF6/Vyjsr3mKCnkG/eW6dKMBZk6dxWOdrHfrg6QgfkBUk0WUUujzdtVPiUIvsh4l46vQrNVd9EOtbyA==",
      "cpu": [
        "arm64"
      ],
      "optional": true,
      "os": [
        "darwin"
      ]
    }
  },
  "dependencies": {
    "turbo": {
      "version": "1.13.4",
      "resolved": "https://registry.npmjs.org/turbo/-/turbo-1.13.4.tgz",
      "integrity": "sha512-1q7+9UJABuBAHrcC4Sxp5lOqYS5mvxRrwa33wpIyM18hlOCpRD/fTJNxZ0vhbMcJmz15o9kkVm743mPn7p6jpQ==",
      "requires": {
        "turbo-darwin-64": "1.13.4",
        "turbo-darwin-arm64": "1.13.4",
        "turbo-linux-64": "1.13.4",
        "turbo-linux-arm64": "1.13.4",
        "turbo-windows-64": "1.13.4",
        "turbo-windows-arm64": "1.13.4"
      }
    },
    "turbo-darwin-arm64": {
      "version": "1.13.4",
      "resolved": "https://registry.npmjs.org/turbo-darwin-arm64/-/turbo-darwin-arm64-1.13.4.tgz",
      "integrity": "sha512-eG769Q0NF6/Vyjsr3mKCnkG/eW6dKMBZk6dxWOdrHfrg6QgfkBUk0WUUujzdtVPiUIvsh4l46vQrNVd9EOtbyA==",
      "optional": true
    }
  }
}
